<?xml version="1.0" encoding="utf-8"?>
<Project ToolsVersion="4.0" xmlns="http://schemas.microsoft.com/developer/msbuild/2003">
  <ItemGroup>
    <Filter Include="Resource Files">
      <UniqueIdentifier>{67DA6AB6-F800-4c08-8B7A-83BB121AAD01}</UniqueIdentifier>
      <Extensions>rc;ico;cur;bmp;dlg;rc2;rct;bin;rgs;gif;jpg;jpeg;jpe;resx;tiff;tif;png;wav;mfcribbon-ms</Extensions>
    </Filter>
    <Filter Include="Screens">
      <UniqueIdentifier>{51acbd1b-f1e5-4ac4-8b4a-8a03d0d8f07d}</UniqueIdentifier>
    </Filter>
    <Filter Include="Assets">
      <UniqueIdentifier>{383a90e8-66b6-4164-8656-abb84058192e}</UniqueIdentifier>
    </Filter>
    <Filter Include="Utility">
      <UniqueIdentifier>{4fd04c40-9ea7-4000-b714-60ea2a2a10dc}</UniqueIdentifier>
    </Filter>
    <Filter Include="Game">
      <UniqueIdentifier>{10df0739-c32f-47a1-9489-86c4611744c0}</UniqueIdentifier>
    </Filter>
    <Filter Include="Game Objects">
      <UniqueIdentifier>{e95bffd6-af55-4f99-b476-fe387303aeed}</UniqueIdentifier>
    </Filter>
    <Filter Include="Game Objects\Buttons">
      <UniqueIdentifier>{1d411d5a-06fd-4561-ae23-1ab27b649d00}</UniqueIdentifier>
    </Filter>
  </ItemGroup>
  <ItemGroup>
    <ClCompile Include="MenuScreen.cpp">
      <Filter>Screens</Filter>
    </ClCompile>
    <ClCompile Include="TitleScreen.cpp">
      <Filter>Screens</Filter>
    </ClCompile>
    <ClCompile Include="FontManager.cpp">
      <Filter>Assets</Filter>
    </ClCompile>
    <ClCompile Include="ImageManager.cpp">
      <Filter>Assets</Filter>
    </ClCompile>
    <ClCompile Include="Assets.cpp">
      <Filter>Assets</Filter>
    </ClCompile>
    <ClCompile Include="Image.cpp">
      <Filter>Assets</Filter>
    </ClCompile>
    <ClCompile Include="SoundManager.cpp">
      <Filter>Assets</Filter>
    </ClCompile>
    <ClCompile Include="Sound.cpp">
      <Filter>Assets</Filter>
    </ClCompile>
    <ClCompile Include="Text.cpp">
      <Filter>Assets</Filter>
    </ClCompile>
    <ClCompile Include="Button.cpp">
      <Filter>Game Objects\Buttons</Filter>
    </ClCompile>
    <ClCompile Include="Coord.cpp">
      <Filter>Game</Filter>
    </ClCompile>
    <ClCompile Include="Game.cpp">
      <Filter>Game</Filter>
    </ClCompile>
    <ClCompile Include="Input.cpp">
      <Filter>Game</Filter>
    </ClCompile>
    <ClCompile Include="main.cpp">
      <Filter>Game</Filter>
    </ClCompile>
    <ClCompile Include="ScreenChangeButton.cpp">
      <Filter>Game Objects\Buttons</Filter>
    </ClCompile>
    <ClCompile Include="Util.cpp">
      <Filter>Utility</Filter>
    </ClCompile>
    <ClCompile Include="ZenScreen.cpp">
      <Filter>Screens</Filter>
    </ClCompile>
    <ClCompile Include="Circle.cpp">
      <Filter>Game Objects</Filter>
    </ClCompile>
    <ClCompile Include="Player.cpp">
      <Filter>Game Objects</Filter>
    </ClCompile>
  </ItemGroup>
  <ItemGroup>
    <ClInclude Include="TitleScreen.h">
      <Filter>Screens</Filter>
    </ClInclude>
    <ClInclude Include="MenuScreen.h">
      <Filter>Screens</Filter>
    </ClInclude>
    <ClInclude Include="Assets.h">
      <Filter>Assets</Filter>
    </ClInclude>
    <ClInclude Include="ImageManager.h">
      <Filter>Assets</Filter>
    </ClInclude>
    <ClInclude Include="Image.h">
      <Filter>Assets</Filter>
    </ClInclude>
    <ClInclude Include="FontManager.h">
      <Filter>Assets</Filter>
    </ClInclude>
    <ClInclude Include="SoundManager.h">
      <Filter>Assets</Filter>
    </ClInclude>
    <ClInclude Include="Text.h">
      <Filter>Assets</Filter>
    </ClInclude>
    <ClInclude Include="Sound.h">
      <Filter>Assets</Filter>
    </ClInclude>
    <ClInclude Include="Screen.h">
      <Filter>Screens</Filter>
    </ClInclude>
    <ClInclude Include="Button.h">
      <Filter>Game Objects\Buttons</Filter>
    </ClInclude>
    <ClInclude Include="ScreenChangeButton.h">
      <Filter>Game Objects\Buttons</Filter>
    </ClInclude>
    <ClInclude Include="Constants.h">
      <Filter>Utility</Filter>
    </ClInclude>
    <ClInclude Include="Util.h">
      <Filter>Utility</Filter>
    </ClInclude>
    <ClInclude Include="Game.h">
      <Filter>Game</Filter>
    </ClInclude>
    <ClInclude Include="Input.h">
      <Filter>Game</Filter>
    </ClInclude>
    <ClInclude Include="Coord.h">
      <Filter>Game</Filter>
    </ClInclude>
    <ClInclude Include="ZenScreen.h">
      <Filter>Screens</Filter>
    </ClInclude>
    <ClInclude Include="Circle.h">
      <Filter>Game Objects</Filter>
    </ClInclude>
    <ClInclude Include="Player.h">
      <Filter>Game Objects</Filter>
    </ClInclude>
  </ItemGroup>
</Project>